
Microsoft Visual Studio Solution File, Format Version 12.00
# Visual Studio Version 17
VisualStudioVersion = 17.7.34221.43
MinimumVisualStudioVersion = 10.0.40219.1
Project("{888888A0-9F3D-457C-B088-3A5042F75D52}") = "OPENCV renk değiştirme", "OPENCV renk değiştirme.pyproj", "{BF580B9F-E99D-4264-890F-A1EC7688FB0B}"
EndProject
Global
	GlobalSection(SolutionConfigurationPlatforms) = preSolution
		Debug|Any CPU = Debug|Any CPU
		Release|Any CPU = Release|Any CPU
	EndGlobalSection
	GlobalSection(ProjectConfigurationPlatforms) = postSolution
		{BF580B9F-E99D-4264-890F-A1EC7688FB0B}.Debug|Any CPU.ActiveCfg = Debug|Any CPU
		{BF580B9F-E99D-4264-890F-A1EC7688FB0B}.Release|Any CPU.ActiveCfg = Release|Any CPU
	EndGlobalSection
	GlobalSection(SolutionProperties) = preSolution
		HideSolutionNode = FALSE
	EndGlobalSection
	GlobalSection(ExtensibilityGlobals) = postSolution
		SolutionGuid = {306FC19F-BA96-4DBC-9204-811484AD108C}
	EndGlobalSection
EndGlobal
